<?xml version="1.0" encoding="utf-8"?>
<Project ToolsVersion="4.0" xmlns="http://schemas.microsoft.com/developer/msbuild/2003">
  <ItemGroup>
    <Filter Include="Source Files">
      <UniqueIdentifier>{8b71c6e9-500d-439b-914f-a43e1a85c4fa}</UniqueIdentifier>
      <Extensions>cpp;c;cxx;rc;def;r;odl;idl;hpj;bat</Extensions>
    </Filter>
    <Filter Include="Header Files">
      <UniqueIdentifier>{1c2bcfaf-1187-4ae9-a31d-500162479a83}</UniqueIdentifier>
      <Extensions>h;hpp;hxx;hm;inl</Extensions>
    </Filter>
    <Filter Include="Resource Files">
      <UniqueIdentifier>{193cdba5-03da-4563-a2dd-63d5bf31660c}</UniqueIdentifier>
      <Extensions>ico;cur;bmp;dlg;rc2;rct;bin;rgs;gif;jpg;jpeg;jpe</Extensions>
    </Filter>
  </ItemGroup>
  <ItemGroup>
    <ClCompile Include="cip_dbproxy.cpp">
      <Filter>Source Files</Filter>
    </ClCompile>
    <ClCompile Include="SQLCompany.cpp">
      <Filter>Source Files</Filter>
    </ClCompile>
    <ClCompile Include="SQLDailySum.cpp">
      <Filter>Source Files</Filter>
    </ClCompile>
    <ClCompile Include="SQLInvProcess.cpp">
      <Filter>Source Files</Filter>
    </ClCompile>
    <ClCompile Include="SQLMeetings.cpp">
      <Filter>Source Files</Filter>
    </ClCompile>
    <ClCompile Include="SQLUser.cpp">
      <Filter>Source Files</Filter>
    </ClCompile>
    <ClCompile Include="StdAfx.cpp">
      <Filter>Source Files</Filter>
    </ClCompile>
  </ItemGroup>
  <ItemGroup>
    <ResourceCompile Include="cip_dbproxy.rc">
      <Filter>Source Files</Filter>
    </ResourceCompile>
  </ItemGroup>
  <ItemGroup>
    <ClInclude Include="cip_dbproxy.h">
      <Filter>Header Files</Filter>
    </ClInclude>
    <ClInclude Include="Resource.h">
      <Filter>Header Files</Filter>
    </ClInclude>
    <ClInclude Include="SQLCompany.h">
      <Filter>Header Files</Filter>
    </ClInclude>
    <ClInclude Include="SQLDailySum.h">
      <Filter>Header Files</Filter>
    </ClInclude>
    <ClInclude Include="SQLInvProcess.h">
      <Filter>Header Files</Filter>
    </ClInclude>
    <ClInclude Include="SQLMeetings.h">
      <Filter>Header Files</Filter>
    </ClInclude>
    <ClInclude Include="SQLUser.h">
      <Filter>Header Files</Filter>
    </ClInclude>
    <ClInclude Include="StdAfx.h">
      <Filter>Header Files</Filter>
    </ClInclude>
  </ItemGroup>
  <ItemGroup>
    <CustomBuild Include="cip_dbproxy.def">
      <Filter>Source Files</Filter>
    </CustomBuild>
    <CustomBuild Include="res\cip_dbproxy.rc2">
      <Filter>Resource Files</Filter>
    </CustomBuild>
  </ItemGroup>
</Project>