<?xml version="1.0" encoding="utf-8"?>
<Project ToolsVersion="4.0" xmlns="http://schemas.microsoft.com/developer/msbuild/2003">
  <ItemGroup>
    <Filter Include="Source Files">
      <UniqueIdentifier>{cd9fbae0-4dda-487a-aa66-0030f8f6461f}</UniqueIdentifier>
      <Extensions>cpp;c;cxx;rc;def;r;odl;idl;hpj;bat</Extensions>
    </Filter>
    <Filter Include="Header Files">
      <UniqueIdentifier>{30b81918-3b7f-4984-bc4b-1f8946462b6e}</UniqueIdentifier>
      <Extensions>h;hpp;hxx;hm;inl</Extensions>
    </Filter>
    <Filter Include="Resource Files">
      <UniqueIdentifier>{6e73ae22-111e-44af-9bd9-55d045a812b9}</UniqueIdentifier>
      <Extensions>ico;cur;bmp;dlg;rc2;rct;bin;rgs;gif;jpg;jpeg;jpe</Extensions>
    </Filter>
  </ItemGroup>
  <ItemGroup>
    <ClCompile Include="cgi\AbstractFactory.cpp">
      <Filter>Source Files</Filter>
    </ClCompile>
    <ClCompile Include="cgi\AbstractImplementation.cpp">
      <Filter>Source Files</Filter>
    </ClCompile>
    <ClCompile Include="cgi\AbstractParser.cpp">
      <Filter>Source Files</Filter>
    </ClCompile>
    <ClCompile Include="cgi\AbstractParserFactory.cpp">
      <Filter>Source Files</Filter>
    </ClCompile>
    <ClCompile Include="cgi\CaselessMatch.cpp">
      <Filter>Source Files</Filter>
    </ClCompile>
    <ClCompile Include="cgi\CaseMatch.cpp">
      <Filter>Source Files</Filter>
    </ClCompile>
    <ClCompile Include="cgi\cgi.cpp">
      <Filter>Source Files</Filter>
    </ClCompile>
    <ClCompile Include="cgi\ClientData.cpp">
      <Filter>Source Files</Filter>
    </ClCompile>
    <ClCompile Include="cgi\CommandLineExtractor.cpp">
      <Filter>Source Files</Filter>
    </ClCompile>
    <ClCompile Include="cgi\CookieData.cpp">
      <Filter>Source Files</Filter>
    </ClCompile>
    <ClCompile Include="cgi\CookieParser.cpp">
      <Filter>Source Files</Filter>
    </ClCompile>
    <ClCompile Include="cgi\DataObject.cpp">
      <Filter>Source Files</Filter>
    </ClCompile>
    <ClCompile Include="cgi\DataRepos.cpp">
      <Filter>Source Files</Filter>
    </ClCompile>
    <ClCompile Include="cgi\Factory.cpp">
      <Filter>Source Files</Filter>
    </ClCompile>
    <ClCompile Include="cgi\FileData.cpp">
      <Filter>Source Files</Filter>
    </ClCompile>
    <ClCompile Include="cgi\FormdataExtractor.cpp">
      <Filter>Source Files</Filter>
    </ClCompile>
    <ClCompile Include="cgi\GETExtractor.cpp">
      <Filter>Source Files</Filter>
    </ClCompile>
    <ClCompile Include="cgi\Implementation.cpp">
      <Filter>Source Files</Filter>
    </ClCompile>
    <ClCompile Include="cgi\Interactive.cpp">
      <Filter>Source Files</Filter>
    </ClCompile>
    <ClCompile Include="Json.cpp">
      <Filter>Source Files</Filter>
    </ClCompile>
    <ClCompile Include="main.cpp">
      <Filter>Source Files</Filter>
    </ClCompile>
    <ClCompile Include="cgi\NewMultipartParser.cpp">
      <Filter>Source Files</Filter>
    </ClCompile>
    <ClCompile Include="cgi\ParserFactory.cpp">
      <Filter>Source Files</Filter>
    </ClCompile>
    <ClCompile Include="cgi\PathData.cpp">
      <Filter>Source Files</Filter>
    </ClCompile>
    <ClCompile Include="cgi\PathMap.cpp">
      <Filter>Source Files</Filter>
    </ClCompile>
    <ClCompile Include="cgi\PathMapParser.cpp">
      <Filter>Source Files</Filter>
    </ClCompile>
    <ClCompile Include="cgi\PathParser.cpp">
      <Filter>Source Files</Filter>
    </ClCompile>
    <ClCompile Include="cgi\POSTExtractor.cpp">
      <Filter>Source Files</Filter>
    </ClCompile>
    <ClCompile Include="cgi\SimpleData.cpp">
      <Filter>Source Files</Filter>
    </ClCompile>
    <ClCompile Include="cgi\SimpleXMLParser.cpp">
      <Filter>Source Files</Filter>
    </ClCompile>
    <ClCompile Include="stdafx.cpp">
      <Filter>Source Files</Filter>
    </ClCompile>
    <ClCompile Include="cgi\UnknownExtractor.cpp">
      <Filter>Source Files</Filter>
    </ClCompile>
    <ClCompile Include="cgi\UnknownParser.cpp">
      <Filter>Source Files</Filter>
    </ClCompile>
    <ClCompile Include="cgi\URLEncodeParser.cpp">
      <Filter>Source Files</Filter>
    </ClCompile>
    <ClCompile Include="cgi\WordMatch.cpp">
      <Filter>Source Files</Filter>
    </ClCompile>
  </ItemGroup>
  <ItemGroup>
    <ClInclude Include="cgi\AbstractFactory.h">
      <Filter>Header Files</Filter>
    </ClInclude>
    <ClInclude Include="cgi\AbstractImplementation.h">
      <Filter>Header Files</Filter>
    </ClInclude>
    <ClInclude Include="cgi\AbstractParser.h">
      <Filter>Header Files</Filter>
    </ClInclude>
    <ClInclude Include="cgi\AbstractParserFactory.h">
      <Filter>Header Files</Filter>
    </ClInclude>
    <ClInclude Include="cgi\CaselessMatch.h">
      <Filter>Header Files</Filter>
    </ClInclude>
    <ClInclude Include="cgi\CaseMatch.h">
      <Filter>Header Files</Filter>
    </ClInclude>
    <ClInclude Include="cgi\cgi.h">
      <Filter>Header Files</Filter>
    </ClInclude>
    <ClInclude Include="cgi\ClientData.h">
      <Filter>Header Files</Filter>
    </ClInclude>
    <ClInclude Include="cgi\CommandLineExtractor.h">
      <Filter>Header Files</Filter>
    </ClInclude>
    <ClInclude Include="cgi\CookieData.h">
      <Filter>Header Files</Filter>
    </ClInclude>
    <ClInclude Include="cgi\CookieParser.h">
      <Filter>Header Files</Filter>
    </ClInclude>
    <ClInclude Include="cgi\DataObject.h">
      <Filter>Header Files</Filter>
    </ClInclude>
    <ClInclude Include="cgi\DataRepos.h">
      <Filter>Header Files</Filter>
    </ClInclude>
    <ClInclude Include="cgi\Factory.h">
      <Filter>Header Files</Filter>
    </ClInclude>
    <ClInclude Include="cgi\FileData.h">
      <Filter>Header Files</Filter>
    </ClInclude>
    <ClInclude Include="cgi\FormdataExtractor.h">
      <Filter>Header Files</Filter>
    </ClInclude>
    <ClInclude Include="cgi\GETExtractor.h">
      <Filter>Header Files</Filter>
    </ClInclude>
    <ClInclude Include="cgi\Implementation.h">
      <Filter>Header Files</Filter>
    </ClInclude>
    <ClInclude Include="cgi\Interactive.h">
      <Filter>Header Files</Filter>
    </ClInclude>
    <ClInclude Include="Json.h">
      <Filter>Header Files</Filter>
    </ClInclude>
    <ClInclude Include="ListEx.h">
      <Filter>Header Files</Filter>
    </ClInclude>
    <ClInclude Include="cgi\NewMultipartParser.h">
      <Filter>Header Files</Filter>
    </ClInclude>
    <ClInclude Include="cgi\ParserFactory.h">
      <Filter>Header Files</Filter>
    </ClInclude>
    <ClInclude Include="cgi\PathData.h">
      <Filter>Header Files</Filter>
    </ClInclude>
    <ClInclude Include="cgi\PathMap.h">
      <Filter>Header Files</Filter>
    </ClInclude>
    <ClInclude Include="cgi\PathMapParser.h">
      <Filter>Header Files</Filter>
    </ClInclude>
    <ClInclude Include="cgi\PathParser.h">
      <Filter>Header Files</Filter>
    </ClInclude>
    <ClInclude Include="cgi\POSTExtractor.h">
      <Filter>Header Files</Filter>
    </ClInclude>
    <ClInclude Include="cgi\SimpleData.h">
      <Filter>Header Files</Filter>
    </ClInclude>
    <ClInclude Include="cgi\SimpleXMLParser.h">
      <Filter>Header Files</Filter>
    </ClInclude>
    <ClInclude Include="stdafx.h">
      <Filter>Header Files</Filter>
    </ClInclude>
    <ClInclude Include="cgi\TestExtractor.h">
      <Filter>Header Files</Filter>
    </ClInclude>
    <ClInclude Include="cgi\UnknownExtractor.h">
      <Filter>Header Files</Filter>
    </ClInclude>
    <ClInclude Include="cgi\UnknownParser.h">
      <Filter>Header Files</Filter>
    </ClInclude>
    <ClInclude Include="cgi\URLEncodeParser.h">
      <Filter>Header Files</Filter>
    </ClInclude>
    <ClInclude Include="cgi\WordMatch.h">
      <Filter>Header Files</Filter>
    </ClInclude>
  </ItemGroup>
</Project>