<?xml version="1.0" encoding="utf-8"?>
<Project ToolsVersion="4.0" xmlns="http://schemas.microsoft.com/developer/msbuild/2003">
  <ItemGroup>
    <Filter Include="Source Files">
      <UniqueIdentifier>{15e36bed-6e56-495a-86a4-be26454c2fc5}</UniqueIdentifier>
      <Extensions>cpp;c;cxx;rc;def;r;odl;idl;hpj;bat</Extensions>
    </Filter>
    <Filter Include="Header Files">
      <UniqueIdentifier>{18f2e219-ed57-42eb-9843-47bfc8522678}</UniqueIdentifier>
      <Extensions>h;hpp;hxx;hm;inl</Extensions>
    </Filter>
    <Filter Include="Resource Files">
      <UniqueIdentifier>{657757e8-fa49-4d0d-9c20-fa9a683daa73}</UniqueIdentifier>
      <Extensions>ico;cur;bmp;dlg;rc2;rct;bin;rgs;gif;jpg;jpeg;jpe</Extensions>
    </Filter>
  </ItemGroup>
  <ItemGroup>
    <ClCompile Include="BarWorkspace.cpp">
      <Filter>Source Files</Filter>
    </ClCompile>
    <ClCompile Include="Combo.cpp">
      <Filter>Source Files</Filter>
    </ClCompile>
    <ClCompile Include="CornerstoneFVModel.cpp">
      <Filter>Source Files</Filter>
    </ClCompile>
    <ClCompile Include="Dialog2Minute.cpp">
      <Filter>Source Files</Filter>
    </ClCompile>
    <ClCompile Include="Dialog2MinuteV2.cpp">
      <Filter>Source Files</Filter>
    </ClCompile>
    <ClCompile Include="DialogChangePassword.cpp">
      <Filter>Source Files</Filter>
    </ClCompile>
    <ClCompile Include="DialogCompanies.cpp">
      <Filter>Source Files</Filter>
    </ClCompile>
    <ClCompile Include="DialogConfirmWeight.cpp">
      <Filter>Source Files</Filter>
    </ClCompile>
    <ClCompile Include="DialogConnections.cpp">
      <Filter>Source Files</Filter>
    </ClCompile>
    <ClCompile Include="DialogDataCheck.cpp">
      <Filter>Source Files</Filter>
    </ClCompile>
    <ClCompile Include="DialogDate.cpp">
      <Filter>Source Files</Filter>
    </ClCompile>
    <ClCompile Include="DialogEarningsMomentum.cpp">
      <Filter>Source Files</Filter>
    </ClCompile>
    <ClCompile Include="DialogEpsGraph.cpp">
      <Filter>Source Files</Filter>
    </ClCompile>
    <ClCompile Include="DialogFilterMeetings.cpp">
      <Filter>Source Files</Filter>
    </ClCompile>
    <ClCompile Include="DialogGotoTicker.cpp">
      <Filter>Source Files</Filter>
    </ClCompile>
    <ClCompile Include="DialogInvProcess.cpp">
      <Filter>Source Files</Filter>
    </ClCompile>
    <ClCompile Include="DialogLastReportYear.cpp">
      <Filter>Source Files</Filter>
    </ClCompile>
    <ClCompile Include="DialogLogin.cpp">
      <Filter>Source Files</Filter>
    </ClCompile>
    <ClCompile Include="DialogMacro.cpp">
      <Filter>Source Files</Filter>
    </ClCompile>
    <ClCompile Include="DialogMapStep.cpp">
      <Filter>Source Files</Filter>
    </ClCompile>
    <ClCompile Include="DialogMonteCarloInputs.cpp">
      <Filter>Source Files</Filter>
    </ClCompile>
    <ClCompile Include="DialogName.cpp">
      <Filter>Source Files</Filter>
    </ClCompile>
    <ClCompile Include="DialogNameAndTicker.cpp">
      <Filter>Source Files</Filter>
    </ClCompile>
    <ClCompile Include="DialogNewMeeting.cpp">
      <Filter>Source Files</Filter>
    </ClCompile>
    <ClCompile Include="DialogReportEBITDALeverage.cpp">
      <Filter>Source Files</Filter>
    </ClCompile>
    <ClCompile Include="DialogReportGeneral.cpp">
      <Filter>Source Files</Filter>
    </ClCompile>
    <ClCompile Include="DialogReportValueMomentum1.cpp">
      <Filter>Source Files</Filter>
    </ClCompile>
    <ClCompile Include="DialogSectors.cpp">
      <Filter>Source Files</Filter>
    </ClCompile>
    <ClCompile Include="DialogSelectCompany.cpp">
      <Filter>Source Files</Filter>
    </ClCompile>
    <ClCompile Include="DialogSelectUniverse.cpp">
      <Filter>Source Files</Filter>
    </ClCompile>
    <ClCompile Include="DialogSensAnalysis.cpp">
      <Filter>Source Files</Filter>
    </ClCompile>
    <ClCompile Include="DialogSplit.cpp">
      <Filter>Source Files</Filter>
    </ClCompile>
    <ClCompile Include="DialogStocksAlphabetical.cpp">
      <Filter>Source Files</Filter>
    </ClCompile>
    <ClCompile Include="DialogUploadData.cpp">
      <Filter>Source Files</Filter>
    </ClCompile>
    <ClCompile Include="Doc.cpp">
      <Filter>Source Files</Filter>
    </ClCompile>
    <ClCompile Include="FrameChanges.cpp">
      <Filter>Source Files</Filter>
    </ClCompile>
    <ClCompile Include="FrameCharts.cpp">
      <Filter>Source Files</Filter>
    </ClCompile>
    <ClCompile Include="FrameDailySummary.cpp">
      <Filter>Source Files</Filter>
    </ClCompile>
    <ClCompile Include="FrameGeneral.cpp">
      <Filter>Source Files</Filter>
    </ClCompile>
    <ClCompile Include="FrameHistory.cpp">
      <Filter>Source Files</Filter>
    </ClCompile>
    <ClCompile Include="FrameHTML.cpp">
      <Filter>Source Files</Filter>
    </ClCompile>
    <ClCompile Include="FrameMap.cpp">
      <Filter>Source Files</Filter>
    </ClCompile>
    <ClCompile Include="FrameMapSectors.cpp">
      <Filter>Source Files</Filter>
    </ClCompile>
    <ClCompile Include="FrameMeetings.cpp">
      <Filter>Source Files</Filter>
    </ClCompile>
    <ClCompile Include="FrameMonteCarlo.cpp">
      <Filter>Source Files</Filter>
    </ClCompile>
    <ClCompile Include="FrameTable.cpp">
      <Filter>Source Files</Filter>
    </ClCompile>
    <ClCompile Include="ListCompanies.cpp">
      <Filter>Source Files</Filter>
    </ClCompile>
    <ClCompile Include="ListFiles.cpp">
      <Filter>Source Files</Filter>
    </ClCompile>
    <ClCompile Include="ListMeetings.cpp">
      <Filter>Source Files</Filter>
    </ClCompile>
    <ClCompile Include="MainFrm.cpp">
      <Filter>Source Files</Filter>
    </ClCompile>
    <ClCompile Include="SizingControlBar.cpp">
      <Filter>Source Files</Filter>
    </ClCompile>
    <ClCompile Include="Splash.cpp">
      <Filter>Source Files</Filter>
    </ClCompile>
    <ClCompile Include="StdAfx.cpp">
      <Filter>Source Files</Filter>
    </ClCompile>
    <ClCompile Include="View2x2Metrics.cpp">
      <Filter>Source Files</Filter>
    </ClCompile>
    <ClCompile Include="ViewChanges.cpp">
      <Filter>Source Files</Filter>
    </ClCompile>
    <ClCompile Include="ViewCharts.cpp">
      <Filter>Source Files</Filter>
    </ClCompile>
    <ClCompile Include="ViewDailySummary.cpp">
      <Filter>Source Files</Filter>
    </ClCompile>
    <ClCompile Include="ViewGeneral.cpp">
      <Filter>Source Files</Filter>
    </ClCompile>
    <ClCompile Include="ViewGraph.cpp">
      <Filter>Source Files</Filter>
    </ClCompile>
    <ClCompile Include="ViewHistory.cpp">
      <Filter>Source Files</Filter>
    </ClCompile>
    <ClCompile Include="ViewHTML.cpp">
      <Filter>Source Files</Filter>
    </ClCompile>
    <ClCompile Include="ViewMap.cpp">
      <Filter>Source Files</Filter>
    </ClCompile>
    <ClCompile Include="ViewMapSectors.cpp">
      <Filter>Source Files</Filter>
    </ClCompile>
    <ClCompile Include="ViewMeetings.cpp">
      <Filter>Source Files</Filter>
    </ClCompile>
    <ClCompile Include="ViewMonteCarlo.cpp">
      <Filter>Source Files</Filter>
    </ClCompile>
    <ClCompile Include="ViewPercentile.cpp">
      <Filter>Source Files</Filter>
    </ClCompile>
    <ClCompile Include="ViewTable.cpp">
      <Filter>Source Files</Filter>
    </ClCompile>
    <ClCompile Include="WndEdit.cpp">
      <Filter>Source Files</Filter>
    </ClCompile>
    <ClCompile Include="WndGrid.cpp">
      <Filter>Source Files</Filter>
    </ClCompile>
  </ItemGroup>
  <ItemGroup>
    <Midl Include="CornerstoneFVModel.odl">
      <Filter>Source Files</Filter>
    </Midl>
  </ItemGroup>
  <ItemGroup>
    <ResourceCompile Include="CornerstoneFVModel.rc">
      <Filter>Source Files</Filter>
    </ResourceCompile>
  </ItemGroup>
  <ItemGroup>
    <ClInclude Include="BarWorkspace.h">
      <Filter>Header Files</Filter>
    </ClInclude>
    <ClInclude Include="Combo.h">
      <Filter>Header Files</Filter>
    </ClInclude>
    <ClInclude Include="CornerstoneFVModel.h">
      <Filter>Header Files</Filter>
    </ClInclude>
    <ClInclude Include="Dialog2Minute.h">
      <Filter>Header Files</Filter>
    </ClInclude>
    <ClInclude Include="Dialog2MinuteV2.h">
      <Filter>Header Files</Filter>
    </ClInclude>
    <ClInclude Include="DialogChangePassword.h">
      <Filter>Header Files</Filter>
    </ClInclude>
    <ClInclude Include="DialogCompanies.h">
      <Filter>Header Files</Filter>
    </ClInclude>
    <ClInclude Include="DialogConfirmWeight.h">
      <Filter>Header Files</Filter>
    </ClInclude>
    <ClInclude Include="DialogConnections.h">
      <Filter>Header Files</Filter>
    </ClInclude>
    <ClInclude Include="DialogDataCheck.h">
      <Filter>Header Files</Filter>
    </ClInclude>
    <ClInclude Include="DialogDate.h">
      <Filter>Header Files</Filter>
    </ClInclude>
    <ClInclude Include="DialogEarningsMomentum.h">
      <Filter>Header Files</Filter>
    </ClInclude>
    <ClInclude Include="DialogEpsGraph.h">
      <Filter>Header Files</Filter>
    </ClInclude>
    <ClInclude Include="DialogFilterMeetings.h">
      <Filter>Header Files</Filter>
    </ClInclude>
    <ClInclude Include="DialogGotoTicker.h">
      <Filter>Header Files</Filter>
    </ClInclude>
    <ClInclude Include="DialogInvProcess.h">
      <Filter>Header Files</Filter>
    </ClInclude>
    <ClInclude Include="DialogLastReportYear.h">
      <Filter>Header Files</Filter>
    </ClInclude>
    <ClInclude Include="DialogLogin.h">
      <Filter>Header Files</Filter>
    </ClInclude>
    <ClInclude Include="DialogMacro.h">
      <Filter>Header Files</Filter>
    </ClInclude>
    <ClInclude Include="DialogMapStep.h">
      <Filter>Header Files</Filter>
    </ClInclude>
    <ClInclude Include="DialogMonteCarloInputs.h">
      <Filter>Header Files</Filter>
    </ClInclude>
    <ClInclude Include="DialogName.h">
      <Filter>Header Files</Filter>
    </ClInclude>
    <ClInclude Include="DialogNameAndTicker.h">
      <Filter>Header Files</Filter>
    </ClInclude>
    <ClInclude Include="DialogNewMeeting.h">
      <Filter>Header Files</Filter>
    </ClInclude>
    <ClInclude Include="DialogReportEBITDALeverage.h">
      <Filter>Header Files</Filter>
    </ClInclude>
    <ClInclude Include="DialogReportGeneral.h">
      <Filter>Header Files</Filter>
    </ClInclude>
    <ClInclude Include="DialogReportValueMomentum1.h">
      <Filter>Header Files</Filter>
    </ClInclude>
    <ClInclude Include="DialogSectors.h">
      <Filter>Header Files</Filter>
    </ClInclude>
    <ClInclude Include="DialogSelectCompany.h">
      <Filter>Header Files</Filter>
    </ClInclude>
    <ClInclude Include="DialogSelectUniverse.h">
      <Filter>Header Files</Filter>
    </ClInclude>
    <ClInclude Include="DialogSensAnalysis.h">
      <Filter>Header Files</Filter>
    </ClInclude>
    <ClInclude Include="DialogSplit.h">
      <Filter>Header Files</Filter>
    </ClInclude>
    <ClInclude Include="DialogStocksAlphabetical.h">
      <Filter>Header Files</Filter>
    </ClInclude>
    <ClInclude Include="DialogUploadData.h">
      <Filter>Header Files</Filter>
    </ClInclude>
    <ClInclude Include="Doc.h">
      <Filter>Header Files</Filter>
    </ClInclude>
    <ClInclude Include="FrameChanges.h">
      <Filter>Header Files</Filter>
    </ClInclude>
    <ClInclude Include="FrameCharts.h">
      <Filter>Header Files</Filter>
    </ClInclude>
    <ClInclude Include="FrameDailySummary.h">
      <Filter>Header Files</Filter>
    </ClInclude>
    <ClInclude Include="FrameGeneral.h">
      <Filter>Header Files</Filter>
    </ClInclude>
    <ClInclude Include="FrameHistory.h">
      <Filter>Header Files</Filter>
    </ClInclude>
    <ClInclude Include="FrameHTML.h">
      <Filter>Header Files</Filter>
    </ClInclude>
    <ClInclude Include="FrameMap.h">
      <Filter>Header Files</Filter>
    </ClInclude>
    <ClInclude Include="FrameMapSectors.h">
      <Filter>Header Files</Filter>
    </ClInclude>
    <ClInclude Include="FrameMeetings.h">
      <Filter>Header Files</Filter>
    </ClInclude>
    <ClInclude Include="FrameMonteCarlo.h">
      <Filter>Header Files</Filter>
    </ClInclude>
    <ClInclude Include="FrameTable.h">
      <Filter>Header Files</Filter>
    </ClInclude>
    <ClInclude Include="ListCompanies.h">
      <Filter>Header Files</Filter>
    </ClInclude>
    <ClInclude Include="ListFiles.h">
      <Filter>Header Files</Filter>
    </ClInclude>
    <ClInclude Include="ListMeetings.h">
      <Filter>Header Files</Filter>
    </ClInclude>
    <ClInclude Include="MainFrm.h">
      <Filter>Header Files</Filter>
    </ClInclude>
    <ClInclude Include="Resource.h">
      <Filter>Header Files</Filter>
    </ClInclude>
    <ClInclude Include="SizingControlBar.h">
      <Filter>Header Files</Filter>
    </ClInclude>
    <ClInclude Include="Splash.h">
      <Filter>Header Files</Filter>
    </ClInclude>
    <ClInclude Include="StdAfx.h">
      <Filter>Header Files</Filter>
    </ClInclude>
    <ClInclude Include="View2x2Metrics.h">
      <Filter>Header Files</Filter>
    </ClInclude>
    <ClInclude Include="ViewChanges.h">
      <Filter>Header Files</Filter>
    </ClInclude>
    <ClInclude Include="ViewCharts.h">
      <Filter>Header Files</Filter>
    </ClInclude>
    <ClInclude Include="ViewDailySummary.h">
      <Filter>Header Files</Filter>
    </ClInclude>
    <ClInclude Include="ViewGeneral.h">
      <Filter>Header Files</Filter>
    </ClInclude>
    <ClInclude Include="ViewGraph.h">
      <Filter>Header Files</Filter>
    </ClInclude>
    <ClInclude Include="ViewHistory.h">
      <Filter>Header Files</Filter>
    </ClInclude>
    <ClInclude Include="ViewHTML.h">
      <Filter>Header Files</Filter>
    </ClInclude>
    <ClInclude Include="ViewMap.h">
      <Filter>Header Files</Filter>
    </ClInclude>
    <ClInclude Include="ViewMapSectors.h">
      <Filter>Header Files</Filter>
    </ClInclude>
    <ClInclude Include="ViewMeetings.h">
      <Filter>Header Files</Filter>
    </ClInclude>
    <ClInclude Include="ViewMonteCarlo.h">
      <Filter>Header Files</Filter>
    </ClInclude>
    <ClInclude Include="ViewPercentile.h">
      <Filter>Header Files</Filter>
    </ClInclude>
    <ClInclude Include="ViewTable.h">
      <Filter>Header Files</Filter>
    </ClInclude>
    <ClInclude Include="WndEdit.h">
      <Filter>Header Files</Filter>
    </ClInclude>
    <ClInclude Include="WndGrid.h">
      <Filter>Header Files</Filter>
    </ClInclude>
  </ItemGroup>
  <ItemGroup>
    <Image Include="res\bitmap1.bmp">
      <Filter>Resource Files</Filter>
    </Image>
    <Image Include="res\bitmap_m.bmp">
      <Filter>Resource Files</Filter>
    </Image>
    <Image Include="res\bmp00001.bmp">
      <Filter>Resource Files</Filter>
    </Image>
    <Image Include="res\bmp00002.bmp">
      <Filter>Resource Files</Filter>
    </Image>
    <Image Include="res\bmp00003.bmp">
      <Filter>Resource Files</Filter>
    </Image>
    <Image Include="res\bmp00004.bmp">
      <Filter>Resource Files</Filter>
    </Image>
    <Image Include="res\changes.bmp">
      <Filter>Resource Files</Filter>
    </Image>
    <Image Include="res\charts.bmp">
      <Filter>Resource Files</Filter>
    </Image>
    <Image Include="res\cip2.bmp">
      <Filter>Resource Files</Filter>
    </Image>
    <Image Include="res\cornerstone.bmp">
      <Filter>Resource Files</Filter>
    </Image>
    <Image Include="res\CornerstoneFVModel.ico">
      <Filter>Resource Files</Filter>
    </Image>
    <Image Include="res\Doc.ico">
      <Filter>Resource Files</Filter>
    </Image>
    <Image Include="res\history.bmp">
      <Filter>Resource Files</Filter>
    </Image>
    <Image Include="res\html.bmp">
      <Filter>Resource Files</Filter>
    </Image>
    <Image Include="res\ico00001.ico">
      <Filter>Resource Files</Filter>
    </Image>
    <Image Include="res\ico00002.ico">
      <Filter>Resource Files</Filter>
    </Image>
    <Image Include="res\icon1.ico">
      <Filter>Resource Files</Filter>
    </Image>
    <Image Include="res\icon_blu.ico">
      <Filter>Resource Files</Filter>
    </Image>
    <Image Include="res\icon_red.ico">
      <Filter>Resource Files</Filter>
    </Image>
    <Image Include="res\icon_yel.ico">
      <Filter>Resource Files</Filter>
    </Image>
    <Image Include="res\index.ico">
      <Filter>Resource Files</Filter>
    </Image>
    <Image Include="res\map.bmp">
      <Filter>Resource Files</Filter>
    </Image>
    <Image Include="res\meetings.bmp">
      <Filter>Resource Files</Filter>
    </Image>
    <Image Include="res\modeltyp.bmp">
      <Filter>Resource Files</Filter>
    </Image>
    <Image Include="res\rank.ico">
      <Filter>Resource Files</Filter>
    </Image>
    <Image Include="res\sector.ico">
      <Filter>Resource Files</Filter>
    </Image>
    <Image Include="res\Splash.bmp">
      <Filter>Resource Files</Filter>
    </Image>
    <Image Include="res\stock.bmp">
      <Filter>Resource Files</Filter>
    </Image>
    <Image Include="res\stock_1.bmp">
      <Filter>Resource Files</Filter>
    </Image>
    <Image Include="res\table.bmp">
      <Filter>Resource Files</Filter>
    </Image>
    <Image Include="res\Toolbar.bmp">
      <Filter>Resource Files</Filter>
    </Image>
    <Image Include="res\type.ico">
      <Filter>Resource Files</Filter>
    </Image>
  </ItemGroup>
  <ItemGroup>
    <CustomBuild Include="res\CornerstoneFVModel.rc2">
      <Filter>Resource Files</Filter>
    </CustomBuild>
    <CustomBuild Include="res\cur00001.cur">
      <Filter>Resource Files</Filter>
    </CustomBuild>
    <CustomBuild Include="res\cur00002.cur">
      <Filter>Resource Files</Filter>
    </CustomBuild>
    <CustomBuild Include="res\cur00003.cur">
      <Filter>Resource Files</Filter>
    </CustomBuild>
    <CustomBuild Include="res\cursor1.cur">
      <Filter>Resource Files</Filter>
    </CustomBuild>
    <CustomBuild Include="res\htm1.bin">
      <Filter>Resource Files</Filter>
    </CustomBuild>
    <CustomBuild Include="CornerstoneFVModel.reg" />
  </ItemGroup>
</Project>